
Microsoft Visual Studio Solution File, Format Version 12.00
# Visual Studio Version 16
VisualStudioVersion = 16.0.31729.503
MinimumVisualStudioVersion = 10.0.40219.1
Project("{9A19103F-16F7-4668-BE54-9A1E7A4F7556}") = "Swoop.EL.Company.UI", "Swoop.EL.Company\Swoop.EL.Company.UI.csproj", "{4544B845-90EC-470C-9F00-B9FBC277F434}"
EndProject
Project("{9A19103F-16F7-4668-BE54-9A1E7A4F7556}") = "Swoop.EL.Company.DAL", "Swoop.EL.Company.Services\Swoop.EL.Company.DAL.csproj", "{934A171D-6057-42B1-9172-71265AFCB008}"
EndProject
Project("{9A19103F-16F7-4668-BE54-9A1E7A4F7556}") = "Swoop.EL.Company.BAL", "Swoop.EL.Company.BAL\Swoop.EL.Company.BAL.csproj", "{7380005B-D550-4EB4-8282-5C60C0F4CB8B}"
EndProject
Project("{2150E333-8FDC-42A3-9474-1A3956D46DE8}") = "Tests", "Tests", "{A22DA6F5-F88E-4EFF-A0BB-D620ACBB14E2}"
EndProject
Project("{9A19103F-16F7-4668-BE54-9A1E7A4F7556}") = "Swoop.EL.Company.BAL.Tests", "Swoop.EL.Company.BAL.Tests\Swoop.EL.Company.BAL.Tests.csproj", "{9681F71D-96DF-4EE7-AD73-75153B5AF778}"
EndProject
Project("{9A19103F-16F7-4668-BE54-9A1E7A4F7556}") = "Swoop.EL.Company.Common", "Swoop.EL.Company.Common\Swoop.EL.Company.Common.csproj", "{03BE1350-AF39-4FDF-A0BB-854D17C5E758}"
EndProject
Project("{9A19103F-16F7-4668-BE54-9A1E7A4F7556}") = "RedisCacheProvider", "RedisCacheProvider\RedisCacheProvider.csproj", "{74433631-948C-4EA7-9B60-05E003CABA14}"
EndProject
Project("{9A19103F-16F7-4668-BE54-9A1E7A4F7556}") = "Swoop.EL.CodeTestApiClient", "CodeTestApiClient\Swoop.EL.CodeTestApiClient.csproj", "{AD246D03-C9CE-426A-906E-3EF6FF246C5F}"
EndProject
Project("{9A19103F-16F7-4668-BE54-9A1E7A4F7556}") = "Swoop.EL.CodeTestApiClient.IntegratedTest", "Swoop.EL.CodeTestApiClient.Test\Swoop.EL.CodeTestApiClient.IntegratedTest.csproj", "{65BCE920-5DC1-4688-92ED-953DB0EFEDAF}"
EndProject
Project("{9A19103F-16F7-4668-BE54-9A1E7A4F7556}") = "Swoop.EL.Company.DAL.Tests", "Swoop.EL.Company.DAL.Tests\Swoop.EL.Company.DAL.Tests.csproj", "{E156B5E7-E767-41A9-ACE3-8A589F76C51D}"
EndProject
Global
	GlobalSection(SolutionConfigurationPlatforms) = preSolution
		Debug|Any CPU = Debug|Any CPU
		Release|Any CPU = Release|Any CPU
	EndGlobalSection
	GlobalSection(ProjectConfigurationPlatforms) = postSolution
		{4544B845-90EC-470C-9F00-B9FBC277F434}.Debug|Any CPU.ActiveCfg = Debug|Any CPU
		{4544B845-90EC-470C-9F00-B9FBC277F434}.Debug|Any CPU.Build.0 = Debug|Any CPU
		{4544B845-90EC-470C-9F00-B9FBC277F434}.Release|Any CPU.ActiveCfg = Release|Any CPU
		{4544B845-90EC-470C-9F00-B9FBC277F434}.Release|Any CPU.Build.0 = Release|Any CPU
		{934A171D-6057-42B1-9172-71265AFCB008}.Debug|Any CPU.ActiveCfg = Debug|Any CPU
		{934A171D-6057-42B1-9172-71265AFCB008}.Debug|Any CPU.Build.0 = Debug|Any CPU
		{934A171D-6057-42B1-9172-71265AFCB008}.Release|Any CPU.ActiveCfg = Release|Any CPU
		{934A171D-6057-42B1-9172-71265AFCB008}.Release|Any CPU.Build.0 = Release|Any CPU
		{7380005B-D550-4EB4-8282-5C60C0F4CB8B}.Debug|Any CPU.ActiveCfg = Debug|Any CPU
		{7380005B-D550-4EB4-8282-5C60C0F4CB8B}.Debug|Any CPU.Build.0 = Debug|Any CPU
		{7380005B-D550-4EB4-8282-5C60C0F4CB8B}.Release|Any CPU.ActiveCfg = Release|Any CPU
		{7380005B-D550-4EB4-8282-5C60C0F4CB8B}.Release|Any CPU.Build.0 = Release|Any CPU
		{9681F71D-96DF-4EE7-AD73-75153B5AF778}.Debug|Any CPU.ActiveCfg = Debug|Any CPU
		{9681F71D-96DF-4EE7-AD73-75153B5AF778}.Debug|Any CPU.Build.0 = Debug|Any CPU
		{9681F71D-96DF-4EE7-AD73-75153B5AF778}.Release|Any CPU.ActiveCfg = Release|Any CPU
		{9681F71D-96DF-4EE7-AD73-75153B5AF778}.Release|Any CPU.Build.0 = Release|Any CPU
		{03BE1350-AF39-4FDF-A0BB-854D17C5E758}.Debug|Any CPU.ActiveCfg = Debug|Any CPU
		{03BE1350-AF39-4FDF-A0BB-854D17C5E758}.Debug|Any CPU.Build.0 = Debug|Any CPU
		{03BE1350-AF39-4FDF-A0BB-854D17C5E758}.Release|Any CPU.ActiveCfg = Release|Any CPU
		{03BE1350-AF39-4FDF-A0BB-854D17C5E758}.Release|Any CPU.Build.0 = Release|Any CPU
		{74433631-948C-4EA7-9B60-05E003CABA14}.Debug|Any CPU.ActiveCfg = Debug|Any CPU
		{74433631-948C-4EA7-9B60-05E003CABA14}.Debug|Any CPU.Build.0 = Debug|Any CPU
		{74433631-948C-4EA7-9B60-05E003CABA14}.Release|Any CPU.ActiveCfg = Release|Any CPU
		{74433631-948C-4EA7-9B60-05E003CABA14}.Release|Any CPU.Build.0 = Release|Any CPU
		{AD246D03-C9CE-426A-906E-3EF6FF246C5F}.Debug|Any CPU.ActiveCfg = Debug|Any CPU
		{AD246D03-C9CE-426A-906E-3EF6FF246C5F}.Debug|Any CPU.Build.0 = Debug|Any CPU
		{AD246D03-C9CE-426A-906E-3EF6FF246C5F}.Release|Any CPU.ActiveCfg = Release|Any CPU
		{AD246D03-C9CE-426A-906E-3EF6FF246C5F}.Release|Any CPU.Build.0 = Release|Any CPU
		{65BCE920-5DC1-4688-92ED-953DB0EFEDAF}.Debug|Any CPU.ActiveCfg = Debug|Any CPU
		{65BCE920-5DC1-4688-92ED-953DB0EFEDAF}.Release|Any CPU.ActiveCfg = Release|Any CPU
		{65BCE920-5DC1-4688-92ED-953DB0EFEDAF}.Release|Any CPU.Build.0 = Release|Any CPU
		{E156B5E7-E767-41A9-ACE3-8A589F76C51D}.Debug|Any CPU.ActiveCfg = Debug|Any CPU
		{E156B5E7-E767-41A9-ACE3-8A589F76C51D}.Debug|Any CPU.Build.0 = Debug|Any CPU
		{E156B5E7-E767-41A9-ACE3-8A589F76C51D}.Release|Any CPU.ActiveCfg = Release|Any CPU
		{E156B5E7-E767-41A9-ACE3-8A589F76C51D}.Release|Any CPU.Build.0 = Release|Any CPU
	EndGlobalSection
	GlobalSection(SolutionProperties) = preSolution
		HideSolutionNode = FALSE
	EndGlobalSection
	GlobalSection(NestedProjects) = preSolution
		{9681F71D-96DF-4EE7-AD73-75153B5AF778} = {A22DA6F5-F88E-4EFF-A0BB-D620ACBB14E2}
		{65BCE920-5DC1-4688-92ED-953DB0EFEDAF} = {A22DA6F5-F88E-4EFF-A0BB-D620ACBB14E2}
		{E156B5E7-E767-41A9-ACE3-8A589F76C51D} = {A22DA6F5-F88E-4EFF-A0BB-D620ACBB14E2}
	EndGlobalSection
	GlobalSection(ExtensibilityGlobals) = postSolution
		SolutionGuid = {2DE12CDC-3DB0-426C-ACA1-C84F98702E2B}
	EndGlobalSection
EndGlobal
